
Microsoft Visual Studio Solution File, Format Version 12.00
# Visual Studio Version 17
VisualStudioVersion = 17.1.32414.318
MinimumVisualStudioVersion = 10.0.40219.1
Project("{FAE04EC0-301F-11D3-BF4B-00C04F79EFBC}") = "navServer.API", "navServer.API.csproj", "{342B1458-2AD0-4DBA-85FA-A97B8E02DA6A}"
EndProject
Project("{FAE04EC0-301F-11D3-BF4B-00C04F79EFBC}") = "navServer.BLL", "..\navServer.BLL\navServer.BLL.csproj", "{EB4970DC-3E6B-4EA6-B623-6BF21CB49DEA}"
EndProject
Project("{FAE04EC0-301F-11D3-BF4B-00C04F79EFBC}") = "navServer.Models", "..\navServer.Models\navServer.Models.csproj", "{17155117-18E8-4C99-9BD3-902CE87F9F70}"
EndProject
Project("{FAE04EC0-301F-11D3-BF4B-00C04F79EFBC}") = "navServer.DAL", "..\navServer.DAL\navServer.DAL.csproj", "{561A03AB-8EB4-424B-A491-FB1C7A5C38B5}"
EndProject
Global
	GlobalSection(SolutionConfigurationPlatforms) = preSolution
		Debug|Any CPU = Debug|Any CPU
		Release|Any CPU = Release|Any CPU
	EndGlobalSection
	GlobalSection(ProjectConfigurationPlatforms) = postSolution
		{342B1458-2AD0-4DBA-85FA-A97B8E02DA6A}.Debug|Any CPU.ActiveCfg = Debug|Any CPU
		{342B1458-2AD0-4DBA-85FA-A97B8E02DA6A}.Debug|Any CPU.Build.0 = Debug|Any CPU
		{342B1458-2AD0-4DBA-85FA-A97B8E02DA6A}.Release|Any CPU.ActiveCfg = Release|Any CPU
		{342B1458-2AD0-4DBA-85FA-A97B8E02DA6A}.Release|Any CPU.Build.0 = Release|Any CPU
		{EB4970DC-3E6B-4EA6-B623-6BF21CB49DEA}.Debug|Any CPU.ActiveCfg = Debug|Any CPU
		{EB4970DC-3E6B-4EA6-B623-6BF21CB49DEA}.Debug|Any CPU.Build.0 = Debug|Any CPU
		{EB4970DC-3E6B-4EA6-B623-6BF21CB49DEA}.Release|Any CPU.ActiveCfg = Release|Any CPU
		{EB4970DC-3E6B-4EA6-B623-6BF21CB49DEA}.Release|Any CPU.Build.0 = Release|Any CPU
		{17155117-18E8-4C99-9BD3-902CE87F9F70}.Debug|Any CPU.ActiveCfg = Debug|Any CPU
		{17155117-18E8-4C99-9BD3-902CE87F9F70}.Debug|Any CPU.Build.0 = Debug|Any CPU
		{17155117-18E8-4C99-9BD3-902CE87F9F70}.Release|Any CPU.ActiveCfg = Release|Any CPU
		{17155117-18E8-4C99-9BD3-902CE87F9F70}.Release|Any CPU.Build.0 = Release|Any CPU
		{561A03AB-8EB4-424B-A491-FB1C7A5C38B5}.Debug|Any CPU.ActiveCfg = Debug|Any CPU
		{561A03AB-8EB4-424B-A491-FB1C7A5C38B5}.Debug|Any CPU.Build.0 = Debug|Any CPU
		{561A03AB-8EB4-424B-A491-FB1C7A5C38B5}.Release|Any CPU.ActiveCfg = Release|Any CPU
		{561A03AB-8EB4-424B-A491-FB1C7A5C38B5}.Release|Any CPU.Build.0 = Release|Any CPU
	EndGlobalSection
	GlobalSection(SolutionProperties) = preSolution
		HideSolutionNode = FALSE
	EndGlobalSection
	GlobalSection(ExtensibilityGlobals) = postSolution
		SolutionGuid = {45113D35-AD9C-40A7-90AB-4D4FBDB1862D}
	EndGlobalSection
EndGlobal
